
Microsoft Visual Studio Solution File, Format Version 12.00
# Visual Studio 14
VisualStudioVersion = 14.0.25420.1
MinimumVisualStudioVersion = 10.0.40219.1
Project("{8BC9CEB8-8B4A-11D0-8D11-00A0C91BC942}") = "Launcher", "Code\Launcher\Launcher.vcxproj", "{34B335A7-FF43-400B-8E3A-9381894603E3}"
	ProjectSection(ProjectDependencies) = postProject
		{6ADD5649-9ACE-4A21-B435-9BF0438AE921} = {6ADD5649-9ACE-4A21-B435-9BF0438AE921}
		{D99A2D4F-9090-423B-AC3B-DA390F91E30D} = {D99A2D4F-9090-423B-AC3B-DA390F91E30D}
		{CC7E7492-1C3D-4F7C-979A-4D9AA1117627} = {CC7E7492-1C3D-4F7C-979A-4D9AA1117627}
	EndProjectSection
EndProject
Project("{8BC9CEB8-8B4A-11D0-8D11-00A0C91BC942}") = "Common", "Code\Common\Common.vcxproj", "{6ADD5649-9ACE-4A21-B435-9BF0438AE921}"
EndProject
Project("{8BC9CEB8-8B4A-11D0-8D11-00A0C91BC942}") = "Engine", "Code\Engine\Engine.vcxproj", "{D99A2D4F-9090-423B-AC3B-DA390F91E30D}"
EndProject
Project("{8BC9CEB8-8B4A-11D0-8D11-00A0C91BC942}") = "Game", "Code\Game\Game.vcxproj", "{CC7E7492-1C3D-4F7C-979A-4D9AA1117627}"
EndProject
Global
	GlobalSection(SolutionConfigurationPlatforms) = preSolution
		Debug|Win32 = Debug|Win32
		Debug|x64 = Debug|x64
		Release|Win32 = Release|Win32
		Release|x64 = Release|x64
	EndGlobalSection
	GlobalSection(ProjectConfigurationPlatforms) = postSolution
		{34B335A7-FF43-400B-8E3A-9381894603E3}.Debug|Win32.ActiveCfg = Debug|Win32
		{34B335A7-FF43-400B-8E3A-9381894603E3}.Debug|Win32.Build.0 = Debug|Win32
		{34B335A7-FF43-400B-8E3A-9381894603E3}.Debug|x64.ActiveCfg = Debug|x64
		{34B335A7-FF43-400B-8E3A-9381894603E3}.Debug|x64.Build.0 = Debug|x64
		{34B335A7-FF43-400B-8E3A-9381894603E3}.Release|Win32.ActiveCfg = Release|Win32
		{34B335A7-FF43-400B-8E3A-9381894603E3}.Release|Win32.Build.0 = Release|Win32
		{34B335A7-FF43-400B-8E3A-9381894603E3}.Release|x64.ActiveCfg = Release|x64
		{34B335A7-FF43-400B-8E3A-9381894603E3}.Release|x64.Build.0 = Release|x64
		{6ADD5649-9ACE-4A21-B435-9BF0438AE921}.Debug|Win32.ActiveCfg = Debug|Win32
		{6ADD5649-9ACE-4A21-B435-9BF0438AE921}.Debug|Win32.Build.0 = Debug|Win32
		{6ADD5649-9ACE-4A21-B435-9BF0438AE921}.Debug|x64.ActiveCfg = Debug|x64
		{6ADD5649-9ACE-4A21-B435-9BF0438AE921}.Debug|x64.Build.0 = Debug|x64
		{6ADD5649-9ACE-4A21-B435-9BF0438AE921}.Release|Win32.ActiveCfg = Release|Win32
		{6ADD5649-9ACE-4A21-B435-9BF0438AE921}.Release|Win32.Build.0 = Release|Win32
		{6ADD5649-9ACE-4A21-B435-9BF0438AE921}.Release|x64.ActiveCfg = Release|x64
		{6ADD5649-9ACE-4A21-B435-9BF0438AE921}.Release|x64.Build.0 = Release|x64
		{D99A2D4F-9090-423B-AC3B-DA390F91E30D}.Debug|Win32.ActiveCfg = Debug|Win32
		{D99A2D4F-9090-423B-AC3B-DA390F91E30D}.Debug|Win32.Build.0 = Debug|Win32
		{D99A2D4F-9090-423B-AC3B-DA390F91E30D}.Debug|x64.ActiveCfg = Debug|x64
		{D99A2D4F-9090-423B-AC3B-DA390F91E30D}.Debug|x64.Build.0 = Debug|x64
		{D99A2D4F-9090-423B-AC3B-DA390F91E30D}.Release|Win32.ActiveCfg = Release|Win32
		{D99A2D4F-9090-423B-AC3B-DA390F91E30D}.Release|Win32.Build.0 = Release|Win32
		{D99A2D4F-9090-423B-AC3B-DA390F91E30D}.Release|x64.ActiveCfg = Release|x64
		{D99A2D4F-9090-423B-AC3B-DA390F91E30D}.Release|x64.Build.0 = Release|x64
		{CC7E7492-1C3D-4F7C-979A-4D9AA1117627}.Debug|Win32.ActiveCfg = Debug|Win32
		{CC7E7492-1C3D-4F7C-979A-4D9AA1117627}.Debug|Win32.Build.0 = Debug|Win32
		{CC7E7492-1C3D-4F7C-979A-4D9AA1117627}.Debug|x64.ActiveCfg = Debug|x64
		{CC7E7492-1C3D-4F7C-979A-4D9AA1117627}.Debug|x64.Build.0 = Debug|x64
		{CC7E7492-1C3D-4F7C-979A-4D9AA1117627}.Release|Win32.ActiveCfg = Release|Win32
		{CC7E7492-1C3D-4F7C-979A-4D9AA1117627}.Release|Win32.Build.0 = Release|Win32
		{CC7E7492-1C3D-4F7C-979A-4D9AA1117627}.Release|x64.ActiveCfg = Release|x64
		{CC7E7492-1C3D-4F7C-979A-4D9AA1117627}.Release|x64.Build.0 = Release|x64
	EndGlobalSection
	GlobalSection(SolutionProperties) = preSolution
		HideSolutionNode = FALSE
	EndGlobalSection
EndGlobal
