<?xml version="1.0" encoding="utf-8"?>
<Project ToolsVersion="4.0" xmlns="http://schemas.microsoft.com/developer/msbuild/2003">
  <ItemGroup>
    <Filter Include="GameStates">
      <UniqueIdentifier>{5e515cfb-26c8-4afd-86fa-1e17c72d8f7a}</UniqueIdentifier>
    </Filter>
  </ItemGroup>
  <ItemGroup>
    <ClCompile Include="GameStateInGame.cpp">
      <Filter>GameStates</Filter>
    </ClCompile>
    <ClCompile Include="GameStatePostGame.cpp">
      <Filter>GameStates</Filter>
    </ClCompile>
    <ClCompile Include="GameStatePreGame.cpp">
      <Filter>GameStates</Filter>
    </ClCompile>
    <ClCompile Include="GameDll.cpp" />
    <ClCompile Include="Game.cpp" />
  </ItemGroup>
  <ItemGroup>
    <ClInclude Include="GameStateInGame.h">
      <Filter>GameStates</Filter>
    </ClInclude>
    <ClInclude Include="GameStatePostGame.h">
      <Filter>GameStates</Filter>
    </ClInclude>
    <ClInclude Include="GameStatePreGame.h">
      <Filter>GameStates</Filter>
    </ClInclude>
    <ClInclude Include="GameStateCommon.h">
      <Filter>GameStates</Filter>
    </ClInclude>
    <ClInclude Include="Game.h" />
  </ItemGroup>
</Project>